
Microsoft Visual Studio Solution File, Format Version 12.00
# Visual Studio Version 16
VisualStudioVersion = 25.0.1705.0
MinimumVisualStudioVersion = 10.0.40219.1
Project("{FAE04EC0-301F-11D3-BF4B-00C04F79EFBC}") = "ChikoRokoBot.Gateway", "ChikoRokoBot.Gateway\ChikoRokoBot.Gateway.csproj", "{57AD1C9E-8D5C-4901-B4B0-CB811084D036}"
EndProject
Project("{2150E333-8FDC-42A3-9474-1A3956D46DE8}") = "Solution Items", "Solution Items", "{2E8D4854-5B25-496D-918E-449A2DEA6AD5}"
	ProjectSection(SolutionItems) = preProject
		.editorconfig = .editorconfig
	EndProjectSection
EndProject
Global
	GlobalSection(SolutionConfigurationPlatforms) = preSolution
		Debug|Any CPU = Debug|Any CPU
		Release|Any CPU = Release|Any CPU
	EndGlobalSection
	GlobalSection(ProjectConfigurationPlatforms) = postSolution
		{57AD1C9E-8D5C-4901-B4B0-CB811084D036}.Debug|Any CPU.ActiveCfg = Debug|Any CPU
		{57AD1C9E-8D5C-4901-B4B0-CB811084D036}.Debug|Any CPU.Build.0 = Debug|Any CPU
		{57AD1C9E-8D5C-4901-B4B0-CB811084D036}.Release|Any CPU.ActiveCfg = Release|Any CPU
		{57AD1C9E-8D5C-4901-B4B0-CB811084D036}.Release|Any CPU.Build.0 = Release|Any CPU
	EndGlobalSection
	GlobalSection(SolutionProperties) = preSolution
		HideSolutionNode = FALSE
	EndGlobalSection
	GlobalSection(ExtensibilityGlobals) = postSolution
		SolutionGuid = {1055C9EA-7B2E-45C6-AF63-7C0F4C08D2AC}
	EndGlobalSection
EndGlobal
